{
    "_readme": [
        "This file locks the dependencies of your project to a known state",
        "Read more about it at https://getcomposer.org/doc/01-basic-usage.md#composer-lock-the-lock-file",
        "This file is @generated automatically"
    ],
    "content-hash": "60020e2f45b8f0f04c4654de9832bda4",
    "packages": [
        {
            "name": "dimadin/wp-temporary",
            "version": "1.0.0",
            "source": {
                "type": "git",
                "url": "https://github.com/dimadin/wp-temporary.git",
                "reference": "193994a6f88b1d2980ac3408025d0fd476556ee1"
            },
            "dist": {
                "type": "zip",
                "url": "https://api.github.com/repos/dimadin/wp-temporary/zipball/193994a6f88b1d2980ac3408025d0fd476556ee1",
                "reference": "193994a6f88b1d2980ac3408025d0fd476556ee1",
                "shasum": ""
            },
            "require": {
                "php": ">=5.2.4"
            },
            "type": "library",
            "autoload": {
                "classmap": [
                    "class-wp-temporary.php",
                    "cli/Temporary_Command.php"
                ]
            },
            "notification-url": "https://packagist.org/downloads/",
            "license": [
                "GPL-2.0-or-later"
            ],
            "authors": [
                {
                    "name": "Milan Dinić",
                    "email": "milan@srpski.biz",
                    "homepage": "https://milandinic.com/"
                }
            ],
            "description": "WordPress library to cache data to the database. Like transients without object cache.",
            "homepage": "https://github.com/dimadin/wp-temporary",
            "keywords": [
                "cache"
            ],
            "time": "2018-09-14T14:53:09+00:00"
        }
    ],
    "packages-dev": [],
    "aliases": [],
    "minimum-stability": "stable",
    "stability-flags": [],
    "prefer-stable": false,
    "prefer-lowest": false,
    "platform": [],
    "platform-dev": []
}
